%{
  "libgraph": {:git, "https://github.com/zblanco/libgraph.git", "5aaabff91d1dc3378d17c633ab4ba1427284875b", [branch: "zw/multigraph-indexes"]},
  "uniq": {:hex, :uniq, "0.6.1", "369660ecbc19051be526df3aa85dc393af5f61f45209bce2fa6d7adb051ae03c", [:mix], [{:ecto, "~> 3.0", [hex: :ecto, repo: "hexpm", optional: true]}], "hexpm", "6426c34d677054b3056947125b22e0daafd10367b85f349e24ac60f44effb916"},
}
